
Microsoft Visual Studio Solution File, Format Version 12.00
# Visual Studio Version 17
VisualStudioVersion = 17.14.37216.2
MinimumVisualStudioVersion = 10.0.40219.1
Project("{FAE04EC0-301F-11D3-BF4B-00C04F79EFBC}") = "sparktocode 1", "sparktocode 1\sparktocode 1.csproj", "{3A2E4D37-1EA6-4992-B8DB-455423F790B0}"
EndProject
Project("{FAE04EC0-301F-11D3-BF4B-00C04F79EFBC}") = "task2", "task2\task2.csproj", "{00F76D01-3FC0-4C15-9B17-2898ED3DA8ED}"
EndProject
Project("{FAE04EC0-301F-11D3-BF4B-00C04F79EFBC}") = "task3", "task3\task3.csproj", "{53867B80-AC63-46DD-9EA7-6DA663417CCE}"
EndProject
Project("{FAE04EC0-301F-11D3-BF4B-00C04F79EFBC}") = "task4", "task4\task4.csproj", "{5D0420C2-E756-4A04-8116-0569703D05D8}"
EndProject
Project("{FAE04EC0-301F-11D3-BF4B-00C04F79EFBC}") = "task5", "task5\task5.csproj", "{9D8E8C1F-20C0-49CC-B09A-2F2538AA07C5}"
EndProject
Project("{FAE04EC0-301F-11D3-BF4B-00C04F79EFBC}") = "Mini Compound Project", "Mini Compound Project\Mini Compound Project.csproj", "{F4EB2568-2FC4-44B2-ABCD-3A84B62796D7}"
EndProject
Project("{FAE04EC0-301F-11D3-BF4B-00C04F79EFBC}") = "Part 1 Bank Student & Product Management", "Part 1 Bank Student & Product Management\Part 1 Bank Student & Product Management.csproj", "{9933E697-F155-4AFF-A96A-6F6ECBAF3B6B}"
EndProject
Project("{FAE04EC0-301F-11D3-BF4B-00C04F79EFBC}") = "Hotel Management System part2", "Hotel Management System part2\Hotel Management System part2.csproj", "{DB8C8611-217D-4C6D-9F89-FCA8658E431F}"
EndProject
Global
	GlobalSection(SolutionConfigurationPlatforms) = preSolution
		Debug|Any CPU = Debug|Any CPU
		Release|Any CPU = Release|Any CPU
	EndGlobalSection
	GlobalSection(ProjectConfigurationPlatforms) = postSolution
		{3A2E4D37-1EA6-4992-B8DB-455423F790B0}.Debug|Any CPU.ActiveCfg = Debug|Any CPU
		{3A2E4D37-1EA6-4992-B8DB-455423F790B0}.Debug|Any CPU.Build.0 = Debug|Any CPU
		{3A2E4D37-1EA6-4992-B8DB-455423F790B0}.Release|Any CPU.ActiveCfg = Release|Any CPU
		{3A2E4D37-1EA6-4992-B8DB-455423F790B0}.Release|Any CPU.Build.0 = Release|Any CPU
		{00F76D01-3FC0-4C15-9B17-2898ED3DA8ED}.Debug|Any CPU.ActiveCfg = Debug|Any CPU
		{00F76D01-3FC0-4C15-9B17-2898ED3DA8ED}.Debug|Any CPU.Build.0 = Debug|Any CPU
		{00F76D01-3FC0-4C15-9B17-2898ED3DA8ED}.Release|Any CPU.ActiveCfg = Release|Any CPU
		{00F76D01-3FC0-4C15-9B17-2898ED3DA8ED}.Release|Any CPU.Build.0 = Release|Any CPU
		{53867B80-AC63-46DD-9EA7-6DA663417CCE}.Debug|Any CPU.ActiveCfg = Debug|Any CPU
		{53867B80-AC63-46DD-9EA7-6DA663417CCE}.Debug|Any CPU.Build.0 = Debug|Any CPU
		{53867B80-AC63-46DD-9EA7-6DA663417CCE}.Release|Any CPU.ActiveCfg = Release|Any CPU
		{53867B80-AC63-46DD-9EA7-6DA663417CCE}.Release|Any CPU.Build.0 = Release|Any CPU
		{5D0420C2-E756-4A04-8116-0569703D05D8}.Debug|Any CPU.ActiveCfg = Debug|Any CPU
		{5D0420C2-E756-4A04-8116-0569703D05D8}.Debug|Any CPU.Build.0 = Debug|Any CPU
		{5D0420C2-E756-4A04-8116-0569703D05D8}.Release|Any CPU.ActiveCfg = Release|Any CPU
		{5D0420C2-E756-4A04-8116-0569703D05D8}.Release|Any CPU.Build.0 = Release|Any CPU
		{9D8E8C1F-20C0-49CC-B09A-2F2538AA07C5}.Debug|Any CPU.ActiveCfg = Debug|Any CPU
		{9D8E8C1F-20C0-49CC-B09A-2F2538AA07C5}.Debug|Any CPU.Build.0 = Debug|Any CPU
		{9D8E8C1F-20C0-49CC-B09A-2F2538AA07C5}.Release|Any CPU.ActiveCfg = Release|Any CPU
		{9D8E8C1F-20C0-49CC-B09A-2F2538AA07C5}.Release|Any CPU.Build.0 = Release|Any CPU
		{F4EB2568-2FC4-44B2-ABCD-3A84B62796D7}.Debug|Any CPU.ActiveCfg = Debug|Any CPU
		{F4EB2568-2FC4-44B2-ABCD-3A84B62796D7}.Debug|Any CPU.Build.0 = Debug|Any CPU
		{F4EB2568-2FC4-44B2-ABCD-3A84B62796D7}.Release|Any CPU.ActiveCfg = Release|Any CPU
		{F4EB2568-2FC4-44B2-ABCD-3A84B62796D7}.Release|Any CPU.Build.0 = Release|Any CPU
		{9933E697-F155-4AFF-A96A-6F6ECBAF3B6B}.Debug|Any CPU.ActiveCfg = Debug|Any CPU
		{9933E697-F155-4AFF-A96A-6F6ECBAF3B6B}.Debug|Any CPU.Build.0 = Debug|Any CPU
		{9933E697-F155-4AFF-A96A-6F6ECBAF3B6B}.Release|Any CPU.ActiveCfg = Release|Any CPU
		{9933E697-F155-4AFF-A96A-6F6ECBAF3B6B}.Release|Any CPU.Build.0 = Release|Any CPU
		{DB8C8611-217D-4C6D-9F89-FCA8658E431F}.Debug|Any CPU.ActiveCfg = Debug|Any CPU
		{DB8C8611-217D-4C6D-9F89-FCA8658E431F}.Debug|Any CPU.Build.0 = Debug|Any CPU
		{DB8C8611-217D-4C6D-9F89-FCA8658E431F}.Release|Any CPU.ActiveCfg = Release|Any CPU
		{DB8C8611-217D-4C6D-9F89-FCA8658E431F}.Release|Any CPU.Build.0 = Release|Any CPU
	EndGlobalSection
	GlobalSection(SolutionProperties) = preSolution
		HideSolutionNode = FALSE
	EndGlobalSection
	GlobalSection(ExtensibilityGlobals) = postSolution
		SolutionGuid = {C1C39330-A58E-4B0D-8DF9-C54782A017B3}
	EndGlobalSection
EndGlobal
